
Microsoft Visual Studio Solution File, Format Version 12.00
# Visual Studio 2012
Project("{FAE04EC0-301F-11D3-BF4B-00C04F79EFBC}") = "Influx.net", "Influx.net\Influx.net.csproj", "{64BCBF4A-B28B-4996-9F0B-6A561A39D433}"
EndProject
Project("{FAE04EC0-301F-11D3-BF4B-00C04F79EFBC}") = "Influx.net.Tests", "Influx.net.Tests\Influx.net.Tests.csproj", "{62BEA543-FFE5-4E1F-BB4B-027AC7999414}"
EndProject
Global
	GlobalSection(SolutionConfigurationPlatforms) = preSolution
		Debug|Any CPU = Debug|Any CPU
		Release|Any CPU = Release|Any CPU
	EndGlobalSection
	GlobalSection(ProjectConfigurationPlatforms) = postSolution
		{64BCBF4A-B28B-4996-9F0B-6A561A39D433}.Debug|Any CPU.ActiveCfg = Debug|Any CPU
		{64BCBF4A-B28B-4996-9F0B-6A561A39D433}.Debug|Any CPU.Build.0 = Debug|Any CPU
		{64BCBF4A-B28B-4996-9F0B-6A561A39D433}.Release|Any CPU.ActiveCfg = Release|Any CPU
		{64BCBF4A-B28B-4996-9F0B-6A561A39D433}.Release|Any CPU.Build.0 = Release|Any CPU
		{62BEA543-FFE5-4E1F-BB4B-027AC7999414}.Debug|Any CPU.ActiveCfg = Debug|Any CPU
		{62BEA543-FFE5-4E1F-BB4B-027AC7999414}.Debug|Any CPU.Build.0 = Debug|Any CPU
		{62BEA543-FFE5-4E1F-BB4B-027AC7999414}.Release|Any CPU.ActiveCfg = Release|Any CPU
		{62BEA543-FFE5-4E1F-BB4B-027AC7999414}.Release|Any CPU.Build.0 = Release|Any CPU
	EndGlobalSection
	GlobalSection(SolutionProperties) = preSolution
		HideSolutionNode = FALSE
	EndGlobalSection
EndGlobal
